
Microsoft Visual Studio Solution File, Format Version 12.00
Project("{FAE04EC0-301F-11D3-BF4B-00C04F79EFBC}") = "Framework", "Framework\Framework.csproj", "{53976BA2-7C06-4562-9A7F-88EEBCAC19E2}"
EndProject
Project("{FAE04EC0-301F-11D3-BF4B-00C04F79EFBC}") = "MsTest", "MsTest\MsTest.csproj", "{50960B09-5A58-4939-8A26-BEB5F56DDDB6}"
EndProject
Global
	GlobalSection(SolutionConfigurationPlatforms) = preSolution
		Debug|Any CPU = Debug|Any CPU
		Release|Any CPU = Release|Any CPU
	EndGlobalSection
	GlobalSection(ProjectConfigurationPlatforms) = postSolution
		{53976BA2-7C06-4562-9A7F-88EEBCAC19E2}.Debug|Any CPU.ActiveCfg = Debug|Any CPU
		{53976BA2-7C06-4562-9A7F-88EEBCAC19E2}.Debug|Any CPU.Build.0 = Debug|Any CPU
		{53976BA2-7C06-4562-9A7F-88EEBCAC19E2}.Release|Any CPU.ActiveCfg = Release|Any CPU
		{53976BA2-7C06-4562-9A7F-88EEBCAC19E2}.Release|Any CPU.Build.0 = Release|Any CPU
		{50960B09-5A58-4939-8A26-BEB5F56DDDB6}.Debug|Any CPU.ActiveCfg = Debug|Any CPU
		{50960B09-5A58-4939-8A26-BEB5F56DDDB6}.Debug|Any CPU.Build.0 = Debug|Any CPU
		{50960B09-5A58-4939-8A26-BEB5F56DDDB6}.Release|Any CPU.ActiveCfg = Release|Any CPU
		{50960B09-5A58-4939-8A26-BEB5F56DDDB6}.Release|Any CPU.Build.0 = Release|Any CPU
	EndGlobalSection
EndGlobal
