
Microsoft Visual Studio Solution File, Format Version 12.00
Project("{FAE04EC0-301F-11D3-BF4B-00C04F79EFBC}") = "Framework", "Framework\Framework.csproj", "{39885762-7EFC-4DD2-9E28-FAD0DD7D685C}"
EndProject
Project("{FAE04EC0-301F-11D3-BF4B-00C04F79EFBC}") = "MsTest", "MsTest\MsTest.csproj", "{1FDEFD68-747C-429D-A7D0-5D1878CD9D06}"
EndProject
Global
	GlobalSection(SolutionConfigurationPlatforms) = preSolution
		Debug|Any CPU = Debug|Any CPU
		Release|Any CPU = Release|Any CPU
	EndGlobalSection
	GlobalSection(ProjectConfigurationPlatforms) = postSolution
		{39885762-7EFC-4DD2-9E28-FAD0DD7D685C}.Debug|Any CPU.ActiveCfg = Debug|Any CPU
		{39885762-7EFC-4DD2-9E28-FAD0DD7D685C}.Debug|Any CPU.Build.0 = Debug|Any CPU
		{39885762-7EFC-4DD2-9E28-FAD0DD7D685C}.Release|Any CPU.ActiveCfg = Release|Any CPU
		{39885762-7EFC-4DD2-9E28-FAD0DD7D685C}.Release|Any CPU.Build.0 = Release|Any CPU
		{1FDEFD68-747C-429D-A7D0-5D1878CD9D06}.Debug|Any CPU.ActiveCfg = Debug|Any CPU
		{1FDEFD68-747C-429D-A7D0-5D1878CD9D06}.Debug|Any CPU.Build.0 = Debug|Any CPU
		{1FDEFD68-747C-429D-A7D0-5D1878CD9D06}.Release|Any CPU.ActiveCfg = Release|Any CPU
		{1FDEFD68-747C-429D-A7D0-5D1878CD9D06}.Release|Any CPU.Build.0 = Release|Any CPU
	EndGlobalSection
EndGlobal
